
Microsoft Visual Studio Solution File, Format Version 12.00
# Visual Studio Version 17
VisualStudioVersion = 17.0.31903.59
MinimumVisualStudioVersion = 10.0.40219.1
Project("{2150E333-8FDC-42A3-9474-1A3956D46DE8}") = "src", "src", "{7DB4FD84-1820-462C-8C5C-724DBEBB6223}"
EndProject
Project("{2150E333-8FDC-42A3-9474-1A3956D46DE8}") = "ApiGateways", "ApiGateways", "{92DBB66F-0465-4C41-ABA7-BEACA09D79A8}"
EndProject
Project("{FAE04EC0-301F-11D3-BF4B-00C04F79EFBC}") = "OcelotApiGateway", "src\ApiGateways\OcelotApiGateway\OcelotApiGateway.csproj", "{334C9D46-97D3-4394-BE81-1473E0E0D5F7}"
EndProject
Project("{2150E333-8FDC-42A3-9474-1A3956D46DE8}") = "BuildingBlocks", "BuildingBlocks", "{AFAE22BF-1B28-4E67-846C-FCAD695BC217}"
EndProject
Project("{FAE04EC0-301F-11D3-BF4B-00C04F79EFBC}") = "Common.Logging", "src\BuildingBlocks\Common.Logging\Common.Logging.csproj", "{4C6E6B31-23A5-4172-84DC-2D1CDB677F04}"
EndProject
Project("{FAE04EC0-301F-11D3-BF4B-00C04F79EFBC}") = "Contracts", "src\BuildingBlocks\Contracts\Contracts.csproj", "{1B404B4D-94DB-4F98-8DB3-74C5FFC10665}"
EndProject
Project("{FAE04EC0-301F-11D3-BF4B-00C04F79EFBC}") = "EventBus.Messages", "src\BuildingBlocks\EventBus.Messages\EventBus.Messages.csproj", "{BD27D69E-5FCA-472F-98A5-39F43D40CEA4}"
EndProject
Project("{FAE04EC0-301F-11D3-BF4B-00C04F79EFBC}") = "Infrastructure", "src\BuildingBlocks\Infrastructure\Infrastructure.csproj", "{98845C12-A434-459C-BD97-16A7441670CA}"
EndProject
Project("{FAE04EC0-301F-11D3-BF4B-00C04F79EFBC}") = "Shared", "src\BuildingBlocks\Shared\Shared.csproj", "{C1F1C434-8B6B-43CC-8F8E-E28772811103}"
EndProject
Project("{2150E333-8FDC-42A3-9474-1A3956D46DE8}") = "Services", "Services", "{9D8AF0DD-ED2D-4579-AD46-B6B38FF5A2D9}"
EndProject
Project("{2150E333-8FDC-42A3-9474-1A3956D46DE8}") = "Basket", "Basket", "{AD5BE4A1-7C03-4C04-8584-F1CD6766EF1B}"
EndProject
Project("{FAE04EC0-301F-11D3-BF4B-00C04F79EFBC}") = "Basket.API", "src\Services\Basket\Basket.API\Basket.API.csproj", "{77F58E23-9E81-446F-984C-4A8BC22C72DE}"
EndProject
Project("{2150E333-8FDC-42A3-9474-1A3956D46DE8}") = "Customer", "Customer", "{E861CE91-76F5-4571-970C-5DC6EFD0D9DF}"
EndProject
Project("{FAE04EC0-301F-11D3-BF4B-00C04F79EFBC}") = "Customer.API", "src\Services\Customer\Customer.API\Customer.API.csproj", "{04B3FC17-25CC-46BA-B4D5-71E6842D6331}"
EndProject
Project("{2150E333-8FDC-42A3-9474-1A3956D46DE8}") = "Inventory", "Inventory", "{E7C10A37-E53B-4579-B739-7C112FA3CA32}"
EndProject
Project("{FAE04EC0-301F-11D3-BF4B-00C04F79EFBC}") = "Inventory.Product.API", "src\Services\Inventory\Inventory.Product.API\Inventory.Product.API.csproj", "{B2D9C6D9-4586-495A-B669-A3582ED54427}"
EndProject
Project("{2150E333-8FDC-42A3-9474-1A3956D46DE8}") = "Ordering", "Ordering", "{760D658B-359E-4E8D-AF96-441A718DE929}"
EndProject
Project("{FAE04EC0-301F-11D3-BF4B-00C04F79EFBC}") = "Ordering.API", "src\Services\Ordering\Ordering.API\Ordering.API.csproj", "{43B7E04A-16F4-4AD9-9FDF-3050C7E0F46D}"
EndProject
Project("{2150E333-8FDC-42A3-9474-1A3956D46DE8}") = "Product", "Product", "{66BEB5BE-6132-4B3C-8106-F8551EB55D52}"
EndProject
Project("{FAE04EC0-301F-11D3-BF4B-00C04F79EFBC}") = "Product.API", "src\Services\Product\Product.API\Product.API.csproj", "{C61E2677-9BA5-403D-9D68-55714E2D2D92}"
EndProject
Project("{2150E333-8FDC-42A3-9474-1A3956D46DE8}") = "ScheduledJob", "ScheduledJob", "{4A63AB2F-5C7B-4F14-A232-C7AB64DA4B5B}"
EndProject
Project("{FAE04EC0-301F-11D3-BF4B-00C04F79EFBC}") = "Hangfire.API", "src\Services\ScheduledJob\Hangfire.API\Hangfire.API.csproj", "{D9C0C67F-83C4-46E2-A230-EF315CDC24B6}"
EndProject
Project("{2150E333-8FDC-42A3-9474-1A3956D46DE8}") = "WebApps", "WebApps", "{40F55A74-5324-4DB7-B6AD-07280A916886}"
EndProject
Project("{FAE04EC0-301F-11D3-BF4B-00C04F79EFBC}") = "WebHealthStatus", "src\WebApps\WebHealthStatus\WebHealthStatus.csproj", "{21F8F9B5-4868-4D41-A2E7-AC30C80A5AD4}"
EndProject
Global
	GlobalSection(SolutionConfigurationPlatforms) = preSolution
		Debug|Any CPU = Debug|Any CPU
		Release|Any CPU = Release|Any CPU
	EndGlobalSection
	GlobalSection(SolutionProperties) = preSolution
		HideSolutionNode = FALSE
	EndGlobalSection
	GlobalSection(ProjectConfigurationPlatforms) = postSolution
		{334C9D46-97D3-4394-BE81-1473E0E0D5F7}.Debug|Any CPU.ActiveCfg = Debug|Any CPU
		{334C9D46-97D3-4394-BE81-1473E0E0D5F7}.Debug|Any CPU.Build.0 = Debug|Any CPU
		{334C9D46-97D3-4394-BE81-1473E0E0D5F7}.Release|Any CPU.ActiveCfg = Release|Any CPU
		{334C9D46-97D3-4394-BE81-1473E0E0D5F7}.Release|Any CPU.Build.0 = Release|Any CPU
		{4C6E6B31-23A5-4172-84DC-2D1CDB677F04}.Debug|Any CPU.ActiveCfg = Debug|Any CPU
		{4C6E6B31-23A5-4172-84DC-2D1CDB677F04}.Debug|Any CPU.Build.0 = Debug|Any CPU
		{4C6E6B31-23A5-4172-84DC-2D1CDB677F04}.Release|Any CPU.ActiveCfg = Release|Any CPU
		{4C6E6B31-23A5-4172-84DC-2D1CDB677F04}.Release|Any CPU.Build.0 = Release|Any CPU
		{1B404B4D-94DB-4F98-8DB3-74C5FFC10665}.Debug|Any CPU.ActiveCfg = Debug|Any CPU
		{1B404B4D-94DB-4F98-8DB3-74C5FFC10665}.Debug|Any CPU.Build.0 = Debug|Any CPU
		{1B404B4D-94DB-4F98-8DB3-74C5FFC10665}.Release|Any CPU.ActiveCfg = Release|Any CPU
		{1B404B4D-94DB-4F98-8DB3-74C5FFC10665}.Release|Any CPU.Build.0 = Release|Any CPU
		{BD27D69E-5FCA-472F-98A5-39F43D40CEA4}.Debug|Any CPU.ActiveCfg = Debug|Any CPU
		{BD27D69E-5FCA-472F-98A5-39F43D40CEA4}.Debug|Any CPU.Build.0 = Debug|Any CPU
		{BD27D69E-5FCA-472F-98A5-39F43D40CEA4}.Release|Any CPU.ActiveCfg = Release|Any CPU
		{BD27D69E-5FCA-472F-98A5-39F43D40CEA4}.Release|Any CPU.Build.0 = Release|Any CPU
		{98845C12-A434-459C-BD97-16A7441670CA}.Debug|Any CPU.ActiveCfg = Debug|Any CPU
		{98845C12-A434-459C-BD97-16A7441670CA}.Debug|Any CPU.Build.0 = Debug|Any CPU
		{98845C12-A434-459C-BD97-16A7441670CA}.Release|Any CPU.ActiveCfg = Release|Any CPU
		{98845C12-A434-459C-BD97-16A7441670CA}.Release|Any CPU.Build.0 = Release|Any CPU
		{C1F1C434-8B6B-43CC-8F8E-E28772811103}.Debug|Any CPU.ActiveCfg = Debug|Any CPU
		{C1F1C434-8B6B-43CC-8F8E-E28772811103}.Debug|Any CPU.Build.0 = Debug|Any CPU
		{C1F1C434-8B6B-43CC-8F8E-E28772811103}.Release|Any CPU.ActiveCfg = Release|Any CPU
		{C1F1C434-8B6B-43CC-8F8E-E28772811103}.Release|Any CPU.Build.0 = Release|Any CPU
		{77F58E23-9E81-446F-984C-4A8BC22C72DE}.Debug|Any CPU.ActiveCfg = Debug|Any CPU
		{77F58E23-9E81-446F-984C-4A8BC22C72DE}.Debug|Any CPU.Build.0 = Debug|Any CPU
		{77F58E23-9E81-446F-984C-4A8BC22C72DE}.Release|Any CPU.ActiveCfg = Release|Any CPU
		{77F58E23-9E81-446F-984C-4A8BC22C72DE}.Release|Any CPU.Build.0 = Release|Any CPU
		{04B3FC17-25CC-46BA-B4D5-71E6842D6331}.Debug|Any CPU.ActiveCfg = Debug|Any CPU
		{04B3FC17-25CC-46BA-B4D5-71E6842D6331}.Debug|Any CPU.Build.0 = Debug|Any CPU
		{04B3FC17-25CC-46BA-B4D5-71E6842D6331}.Release|Any CPU.ActiveCfg = Release|Any CPU
		{04B3FC17-25CC-46BA-B4D5-71E6842D6331}.Release|Any CPU.Build.0 = Release|Any CPU
		{B2D9C6D9-4586-495A-B669-A3582ED54427}.Debug|Any CPU.ActiveCfg = Debug|Any CPU
		{B2D9C6D9-4586-495A-B669-A3582ED54427}.Debug|Any CPU.Build.0 = Debug|Any CPU
		{B2D9C6D9-4586-495A-B669-A3582ED54427}.Release|Any CPU.ActiveCfg = Release|Any CPU
		{B2D9C6D9-4586-495A-B669-A3582ED54427}.Release|Any CPU.Build.0 = Release|Any CPU
		{43B7E04A-16F4-4AD9-9FDF-3050C7E0F46D}.Debug|Any CPU.ActiveCfg = Debug|Any CPU
		{43B7E04A-16F4-4AD9-9FDF-3050C7E0F46D}.Debug|Any CPU.Build.0 = Debug|Any CPU
		{43B7E04A-16F4-4AD9-9FDF-3050C7E0F46D}.Release|Any CPU.ActiveCfg = Release|Any CPU
		{43B7E04A-16F4-4AD9-9FDF-3050C7E0F46D}.Release|Any CPU.Build.0 = Release|Any CPU
		{C61E2677-9BA5-403D-9D68-55714E2D2D92}.Debug|Any CPU.ActiveCfg = Debug|Any CPU
		{C61E2677-9BA5-403D-9D68-55714E2D2D92}.Debug|Any CPU.Build.0 = Debug|Any CPU
		{C61E2677-9BA5-403D-9D68-55714E2D2D92}.Release|Any CPU.ActiveCfg = Release|Any CPU
		{C61E2677-9BA5-403D-9D68-55714E2D2D92}.Release|Any CPU.Build.0 = Release|Any CPU
		{D9C0C67F-83C4-46E2-A230-EF315CDC24B6}.Debug|Any CPU.ActiveCfg = Debug|Any CPU
		{D9C0C67F-83C4-46E2-A230-EF315CDC24B6}.Debug|Any CPU.Build.0 = Debug|Any CPU
		{D9C0C67F-83C4-46E2-A230-EF315CDC24B6}.Release|Any CPU.ActiveCfg = Release|Any CPU
		{D9C0C67F-83C4-46E2-A230-EF315CDC24B6}.Release|Any CPU.Build.0 = Release|Any CPU
		{21F8F9B5-4868-4D41-A2E7-AC30C80A5AD4}.Debug|Any CPU.ActiveCfg = Debug|Any CPU
		{21F8F9B5-4868-4D41-A2E7-AC30C80A5AD4}.Debug|Any CPU.Build.0 = Debug|Any CPU
		{21F8F9B5-4868-4D41-A2E7-AC30C80A5AD4}.Release|Any CPU.ActiveCfg = Release|Any CPU
		{21F8F9B5-4868-4D41-A2E7-AC30C80A5AD4}.Release|Any CPU.Build.0 = Release|Any CPU
	EndGlobalSection
	GlobalSection(NestedProjects) = preSolution
		{92DBB66F-0465-4C41-ABA7-BEACA09D79A8} = {7DB4FD84-1820-462C-8C5C-724DBEBB6223}
		{334C9D46-97D3-4394-BE81-1473E0E0D5F7} = {92DBB66F-0465-4C41-ABA7-BEACA09D79A8}
		{AFAE22BF-1B28-4E67-846C-FCAD695BC217} = {7DB4FD84-1820-462C-8C5C-724DBEBB6223}
		{4C6E6B31-23A5-4172-84DC-2D1CDB677F04} = {AFAE22BF-1B28-4E67-846C-FCAD695BC217}
		{1B404B4D-94DB-4F98-8DB3-74C5FFC10665} = {AFAE22BF-1B28-4E67-846C-FCAD695BC217}
		{BD27D69E-5FCA-472F-98A5-39F43D40CEA4} = {AFAE22BF-1B28-4E67-846C-FCAD695BC217}
		{98845C12-A434-459C-BD97-16A7441670CA} = {AFAE22BF-1B28-4E67-846C-FCAD695BC217}
		{C1F1C434-8B6B-43CC-8F8E-E28772811103} = {AFAE22BF-1B28-4E67-846C-FCAD695BC217}
		{9D8AF0DD-ED2D-4579-AD46-B6B38FF5A2D9} = {7DB4FD84-1820-462C-8C5C-724DBEBB6223}
		{AD5BE4A1-7C03-4C04-8584-F1CD6766EF1B} = {9D8AF0DD-ED2D-4579-AD46-B6B38FF5A2D9}
		{77F58E23-9E81-446F-984C-4A8BC22C72DE} = {AD5BE4A1-7C03-4C04-8584-F1CD6766EF1B}
		{E861CE91-76F5-4571-970C-5DC6EFD0D9DF} = {9D8AF0DD-ED2D-4579-AD46-B6B38FF5A2D9}
		{04B3FC17-25CC-46BA-B4D5-71E6842D6331} = {E861CE91-76F5-4571-970C-5DC6EFD0D9DF}
		{E7C10A37-E53B-4579-B739-7C112FA3CA32} = {9D8AF0DD-ED2D-4579-AD46-B6B38FF5A2D9}
		{B2D9C6D9-4586-495A-B669-A3582ED54427} = {E7C10A37-E53B-4579-B739-7C112FA3CA32}
		{760D658B-359E-4E8D-AF96-441A718DE929} = {9D8AF0DD-ED2D-4579-AD46-B6B38FF5A2D9}
		{43B7E04A-16F4-4AD9-9FDF-3050C7E0F46D} = {760D658B-359E-4E8D-AF96-441A718DE929}
		{66BEB5BE-6132-4B3C-8106-F8551EB55D52} = {9D8AF0DD-ED2D-4579-AD46-B6B38FF5A2D9}
		{C61E2677-9BA5-403D-9D68-55714E2D2D92} = {66BEB5BE-6132-4B3C-8106-F8551EB55D52}
		{4A63AB2F-5C7B-4F14-A232-C7AB64DA4B5B} = {9D8AF0DD-ED2D-4579-AD46-B6B38FF5A2D9}
		{D9C0C67F-83C4-46E2-A230-EF315CDC24B6} = {4A63AB2F-5C7B-4F14-A232-C7AB64DA4B5B}
		{40F55A74-5324-4DB7-B6AD-07280A916886} = {7DB4FD84-1820-462C-8C5C-724DBEBB6223}
		{21F8F9B5-4868-4D41-A2E7-AC30C80A5AD4} = {40F55A74-5324-4DB7-B6AD-07280A916886}
	EndGlobalSection
EndGlobal
